// !$*UTF8*$!
{
	archiveVersion = 1;
	classes = {
	};
	objectVersion = 50;
	objects = {

/* Begin PBXBuildFile section */
		69194F6D20A747370015FE2E /* CurrencyRate.swift in Sources */ = {isa = PBXBuildFile; fileRef = 69194F6C20A747370015FE2E /* CurrencyRate.swift */; };
		69194F7020A7506C0015FE2E /* CurrencyRateAPI.swift in Sources */ = {isa = PBXBuildFile; fileRef = 69194F6F20A7506C0015FE2E /* CurrencyRateAPI.swift */; };
		694AFC1020A73EB40083E6B6 /* AppDelegate.swift in Sources */ = {isa = PBXBuildFile; fileRef = 694AFC0F20A73EB40083E6B6 /* AppDelegate.swift */; };
		694AFC1720A73EB50083E6B6 /* Assets.xcassets in Resources */ = {isa = PBXBuildFile; fileRef = 694AFC1620A73EB50083E6B6 /* Assets.xcassets */; };
		694AFC1A20A73EB50083E6B6 /* LaunchScreen.storyboard in Resources */ = {isa = PBXBuildFile; fileRef = 694AFC1820A73EB50083E6B6 /* LaunchScreen.storyboard */; };
		694AFC2520A73EB50083E6B6 /* CurrencyConverterTests.swift in Sources */ = {isa = PBXBuildFile; fileRef = 694AFC2420A73EB50083E6B6 /* CurrencyConverterTests.swift */; };
		694BE04620A75F1100C89ED9 /* CurrencyRateTableViewCell.swift in Sources */ = {isa = PBXBuildFile; fileRef = 694BE04420A75F1100C89ED9 /* CurrencyRateTableViewCell.swift */; };
		694BE04720A75F1100C89ED9 /* CurrencyRateTableViewCell.xib in Resources */ = {isa = PBXBuildFile; fileRef = 694BE04520A75F1100C89ED9 /* CurrencyRateTableViewCell.xib */; };
		694BE04920A7619800C89ED9 /* HomeDataSource.swift in Sources */ = {isa = PBXBuildFile; fileRef = 694BE04820A7619800C89ED9 /* HomeDataSource.swift */; };
		694BE04C20A7677500C89ED9 /* UIKit+Extensions.swift in Sources */ = {isa = PBXBuildFile; fileRef = 694BE04B20A7677500C89ED9 /* UIKit+Extensions.swift */; };
		69E7B26920A757B00013729A /* LocalizedString.swift in Sources */ = {isa = PBXBuildFile; fileRef = 69E7B26820A757B00013729A /* LocalizedString.swift */; };
		69E7B26C20A757C50013729A /* Localizable.strings in Resources */ = {isa = PBXBuildFile; fileRef = 69E7B26E20A757C50013729A /* Localizable.strings */; };
		69EB78F020A74314005207D0 /* HomeModule.swift in Sources */ = {isa = PBXBuildFile; fileRef = 69EB78EF20A74314005207D0 /* HomeModule.swift */; };
		69EB78F320A7433C005207D0 /* HomeViewController.swift in Sources */ = {isa = PBXBuildFile; fileRef = 69EB78F120A7433C005207D0 /* HomeViewController.swift */; };
		69EB78F420A7433C005207D0 /* HomeViewController.xib in Resources */ = {isa = PBXBuildFile; fileRef = 69EB78F220A7433C005207D0 /* HomeViewController.xib */; };
		69EB78F620A74352005207D0 /* HomePresenter.swift in Sources */ = {isa = PBXBuildFile; fileRef = 69EB78F520A74352005207D0 /* HomePresenter.swift */; };
		69EB78FB20A7440F005207D0 /* HomeRouter.swift in Sources */ = {isa = PBXBuildFile; fileRef = 69EB78FA20A7440F005207D0 /* HomeRouter.swift */; };
		69EB78FD20A74422005207D0 /* HomeInteractor.swift in Sources */ = {isa = PBXBuildFile; fileRef = 69EB78FC20A74422005207D0 /* HomeInteractor.swift */; };
		69EB78FE20A745DE005207D0 /* Info.plist in Resources */ = {isa = PBXBuildFile; fileRef = 694AFC1B20A73EB50083E6B6 /* Info.plist */; };
		B49F73682F70D4943F4EFB08 /* Pods_CurrencyConverter.framework in Frameworks */ = {isa = PBXBuildFile; fileRef = FD108C42FDFE22E06A29674A /* Pods_CurrencyConverter.framework */; };
/* End PBXBuildFile section */

/* Begin PBXContainerItemProxy section */
		694AFC2120A73EB50083E6B6 /* PBXContainerItemProxy */ = {
			isa = PBXContainerItemProxy;
			containerPortal = 694AFC0420A73EB30083E6B6 /* Project object */;
			proxyType = 1;
			remoteGlobalIDString = 694AFC0B20A73EB30083E6B6;
			remoteInfo = CurrencyConverter;
		};
/* End PBXContainerItemProxy section */

/* Begin PBXFileReference section */
		4D426660A19DD34ED73AB270 /* Pods-CurrencyConverter.release.xcconfig */ = {isa = PBXFileReference; includeInIndex = 1; lastKnownFileType = text.xcconfig; name = "Pods-CurrencyConverter.release.xcconfig"; path = "Pods/Target Support Files/Pods-CurrencyConverter/Pods-CurrencyConverter.release.xcconfig"; sourceTree = "<group>"; };
		69194F6C20A747370015FE2E /* CurrencyRate.swift */ = {isa = PBXFileReference; lastKnownFileType = sourcecode.swift; path = CurrencyRate.swift; sourceTree = "<group>"; };
		69194F6F20A7506C0015FE2E /* CurrencyRateAPI.swift */ = {isa = PBXFileReference; lastKnownFileType = sourcecode.swift; path = CurrencyRateAPI.swift; sourceTree = "<group>"; };
		694AFC0C20A73EB30083E6B6 /* CurrencyConverter.app */ = {isa = PBXFileReference; explicitFileType = wrapper.application; includeInIndex = 0; path = CurrencyConverter.app; sourceTree = BUILT_PRODUCTS_DIR; };
		694AFC0F20A73EB40083E6B6 /* AppDelegate.swift */ = {isa = PBXFileReference; lastKnownFileType = sourcecode.swift; path = AppDelegate.swift; sourceTree = "<group>"; };
		694AFC1620A73EB50083E6B6 /* Assets.xcassets */ = {isa = PBXFileReference; lastKnownFileType = folder.assetcatalog; path = Assets.xcassets; sourceTree = "<group>"; };
		694AFC1920A73EB50083E6B6 /* Base */ = {isa = PBXFileReference; lastKnownFileType = file.storyboard; name = Base; path = Base.lproj/LaunchScreen.storyboard; sourceTree = "<group>"; };
		694AFC1B20A73EB50083E6B6 /* Info.plist */ = {isa = PBXFileReference; lastKnownFileType = text.plist.xml; path = Info.plist; sourceTree = "<group>"; };
		694AFC2020A73EB50083E6B6 /* CurrencyConverterTests.xctest */ = {isa = PBXFileReference; explicitFileType = wrapper.cfbundle; includeInIndex = 0; path = CurrencyConverterTests.xctest; sourceTree = BUILT_PRODUCTS_DIR; };
		694AFC2420A73EB50083E6B6 /* CurrencyConverterTests.swift */ = {isa = PBXFileReference; lastKnownFileType = sourcecode.swift; path = CurrencyConverterTests.swift; sourceTree = "<group>"; };
		694AFC2620A73EB50083E6B6 /* Info.plist */ = {isa = PBXFileReference; lastKnownFileType = text.plist.xml; path = Info.plist; sourceTree = "<group>"; };
		694BE04420A75F1100C89ED9 /* CurrencyRateTableViewCell.swift */ = {isa = PBXFileReference; lastKnownFileType = sourcecode.swift; path = CurrencyRateTableViewCell.swift; sourceTree = "<group>"; };
		694BE04520A75F1100C89ED9 /* CurrencyRateTableViewCell.xib */ = {isa = PBXFileReference; lastKnownFileType = file.xib; path = CurrencyRateTableViewCell.xib; sourceTree = "<group>"; };
		694BE04820A7619800C89ED9 /* HomeDataSource.swift */ = {isa = PBXFileReference; lastKnownFileType = sourcecode.swift; path = HomeDataSource.swift; sourceTree = "<group>"; };
		694BE04B20A7677500C89ED9 /* UIKit+Extensions.swift */ = {isa = PBXFileReference; lastKnownFileType = sourcecode.swift; path = "UIKit+Extensions.swift"; sourceTree = "<group>"; };
		694BE04E20A76A8600C89ED9 /* en */ = {isa = PBXFileReference; lastKnownFileType = text.plist.strings; name = en; path = en.lproj/Localizable.strings; sourceTree = "<group>"; };
		69E7B26820A757B00013729A /* LocalizedString.swift */ = {isa = PBXFileReference; lastKnownFileType = sourcecode.swift; path = LocalizedString.swift; sourceTree = "<group>"; };
		69E7B26F20A757E00013729A /* es-419 */ = {isa = PBXFileReference; lastKnownFileType = text.plist.strings; name = "es-419"; path = "es-419.lproj/LaunchScreen.strings"; sourceTree = "<group>"; };
		69E7B27020A757E00013729A /* es-419 */ = {isa = PBXFileReference; lastKnownFileType = text.plist.strings; name = "es-419"; path = "es-419.lproj/Localizable.strings"; sourceTree = "<group>"; };
		69EB78EF20A74314005207D0 /* HomeModule.swift */ = {isa = PBXFileReference; lastKnownFileType = sourcecode.swift; path = HomeModule.swift; sourceTree = "<group>"; };
		69EB78F120A7433C005207D0 /* HomeViewController.swift */ = {isa = PBXFileReference; lastKnownFileType = sourcecode.swift; path = HomeViewController.swift; sourceTree = "<group>"; };
		69EB78F220A7433C005207D0 /* HomeViewController.xib */ = {isa = PBXFileReference; lastKnownFileType = file.xib; path = HomeViewController.xib; sourceTree = "<group>"; };
		69EB78F520A74352005207D0 /* HomePresenter.swift */ = {isa = PBXFileReference; lastKnownFileType = sourcecode.swift; path = HomePresenter.swift; sourceTree = "<group>"; };
		69EB78FA20A7440F005207D0 /* HomeRouter.swift */ = {isa = PBXFileReference; lastKnownFileType = sourcecode.swift; path = HomeRouter.swift; sourceTree = "<group>"; };
		69EB78FC20A74422005207D0 /* HomeInteractor.swift */ = {isa = PBXFileReference; lastKnownFileType = sourcecode.swift; path = HomeInteractor.swift; sourceTree = "<group>"; };
		DF1B9B6662885C9F4D69C1A6 /* Pods-CurrencyConverter.debug.xcconfig */ = {isa = PBXFileReference; includeInIndex = 1; lastKnownFileType = text.xcconfig; name = "Pods-CurrencyConverter.debug.xcconfig"; path = "Pods/Target Support Files/Pods-CurrencyConverter/Pods-CurrencyConverter.debug.xcconfig"; sourceTree = "<group>"; };
		FD108C42FDFE22E06A29674A /* Pods_CurrencyConverter.framework */ = {isa = PBXFileReference; explicitFileType = wrapper.framework; includeInIndex = 0; path = Pods_CurrencyConverter.framework; sourceTree = BUILT_PRODUCTS_DIR; };
/* End PBXFileReference section */

/* Begin PBXFrameworksBuildPhase section */
		694AFC0920A73EB30083E6B6 /* Frameworks */ = {
			isa = PBXFrameworksBuildPhase;
			buildActionMask = 2147483647;
			files = (
				B49F73682F70D4943F4EFB08 /* Pods_CurrencyConverter.framework in Frameworks */,
			);
			runOnlyForDeploymentPostprocessing = 0;
		};
		694AFC1D20A73EB50083E6B6 /* Frameworks */ = {
			isa = PBXFrameworksBuildPhase;
			buildActionMask = 2147483647;
			files = (
			);
			runOnlyForDeploymentPostprocessing = 0;
		};
/* End PBXFrameworksBuildPhase section */

/* Begin PBXGroup section */
		0693FC55C85401F264B944F2 /* Pods */ = {
			isa = PBXGroup;
			children = (
				DF1B9B6662885C9F4D69C1A6 /* Pods-CurrencyConverter.debug.xcconfig */,
				4D426660A19DD34ED73AB270 /* Pods-CurrencyConverter.release.xcconfig */,
			);
			name = Pods;
			sourceTree = "<group>";
		};
		0D6A6C45400CB43A9794A0A9 /* Frameworks */ = {
			isa = PBXGroup;
			children = (
				FD108C42FDFE22E06A29674A /* Pods_CurrencyConverter.framework */,
			);
			name = Frameworks;
			sourceTree = "<group>";
		};
		69194F6E20A750560015FE2E /* API */ = {
			isa = PBXGroup;
			children = (
				69194F6F20A7506C0015FE2E /* CurrencyRateAPI.swift */,
			);
			path = API;
			sourceTree = "<group>";
		};
		694AFC0320A73EB30083E6B6 = {
			isa = PBXGroup;
			children = (
				694AFC0E20A73EB30083E6B6 /* CurrencyConverter */,
				694AFC2320A73EB50083E6B6 /* CurrencyConverterTests */,
				694AFC0D20A73EB30083E6B6 /* Products */,
				0693FC55C85401F264B944F2 /* Pods */,
				0D6A6C45400CB43A9794A0A9 /* Frameworks */,
			);
			sourceTree = "<group>";
		};
		694AFC0D20A73EB30083E6B6 /* Products */ = {
			isa = PBXGroup;
			children = (
				694AFC0C20A73EB30083E6B6 /* CurrencyConverter.app */,
				694AFC2020A73EB50083E6B6 /* CurrencyConverterTests.xctest */,
			);
			name = Products;
			sourceTree = "<group>";
		};
		694AFC0E20A73EB30083E6B6 /* CurrencyConverter */ = {
			isa = PBXGroup;
			children = (
				69EB78E620A740A5005207D0 /* App */,
				694AFC0F20A73EB40083E6B6 /* AppDelegate.swift */,
				69EB78FF20A74614005207D0 /* Supporting Files */,
			);
			path = CurrencyConverter;
			sourceTree = "<group>";
		};
		694AFC2320A73EB50083E6B6 /* CurrencyConverterTests */ = {
			isa = PBXGroup;
			children = (
				694AFC2420A73EB50083E6B6 /* CurrencyConverterTests.swift */,
				694AFC2620A73EB50083E6B6 /* Info.plist */,
			);
			path = CurrencyConverterTests;
			sourceTree = "<group>";
		};
		694BE04320A75EF200C89ED9 /* Cell */ = {
			isa = PBXGroup;
			children = (
				694BE04420A75F1100C89ED9 /* CurrencyRateTableViewCell.swift */,
				694BE04520A75F1100C89ED9 /* CurrencyRateTableViewCell.xib */,
			);
			path = Cell;
			sourceTree = "<group>";
		};
		694BE04A20A7676400C89ED9 /* UIKit */ = {
			isa = PBXGroup;
			children = (
				694BE04B20A7677500C89ED9 /* UIKit+Extensions.swift */,
			);
			path = UIKit;
			sourceTree = "<group>";
		};
		69E7B26720A757990013729A /* Utils */ = {
			isa = PBXGroup;
			children = (
				694BE04A20A7676400C89ED9 /* UIKit */,
				69E7B27120A758670013729A /* Localizable */,
			);
			path = Utils;
			sourceTree = "<group>";
		};
		69E7B27120A758670013729A /* Localizable */ = {
			isa = PBXGroup;
			children = (
				69E7B26820A757B00013729A /* LocalizedString.swift */,
				69E7B26E20A757C50013729A /* Localizable.strings */,
			);
			path = Localizable;
			sourceTree = "<group>";
		};
		69EB78E620A740A5005207D0 /* App */ = {
			isa = PBXGroup;
			children = (
				69E7B26720A757990013729A /* Utils */,
				69194F6E20A750560015FE2E /* API */,
				69EB78E820A740EA005207D0 /* Home */,
			);
			path = App;
			sourceTree = "<group>";
		};
		69EB78E820A740EA005207D0 /* Home */ = {
			isa = PBXGroup;
			children = (
				69EB78EF20A74314005207D0 /* HomeModule.swift */,
				69EB78EB20A7411A005207D0 /* View */,
				69EB78E920A740F7005207D0 /* Interactor */,
				69EB78ED20A74127005207D0 /* Presenter */,
				69EB78EE20A74138005207D0 /* Entity */,
				69EB78EC20A74121005207D0 /* Router */,
			);
			path = Home;
			sourceTree = "<group>";
		};
		69EB78E920A740F7005207D0 /* Interactor */ = {
			isa = PBXGroup;
			children = (
				69EB78FC20A74422005207D0 /* HomeInteractor.swift */,
			);
			path = Interactor;
			sourceTree = "<group>";
		};
		69EB78EB20A7411A005207D0 /* View */ = {
			isa = PBXGroup;
			children = (
				694BE04320A75EF200C89ED9 /* Cell */,
				694BE04820A7619800C89ED9 /* HomeDataSource.swift */,
				69EB78F120A7433C005207D0 /* HomeViewController.swift */,
				69EB78F220A7433C005207D0 /* HomeViewController.xib */,
			);
			path = View;
			sourceTree = "<group>";
		};
		69EB78EC20A74121005207D0 /* Router */ = {
			isa = PBXGroup;
			children = (
				69EB78FA20A7440F005207D0 /* HomeRouter.swift */,
			);
			path = Router;
			sourceTree = "<group>";
		};
		69EB78ED20A74127005207D0 /* Presenter */ = {
			isa = PBXGroup;
			children = (
				69EB78F520A74352005207D0 /* HomePresenter.swift */,
			);
			path = Presenter;
			sourceTree = "<group>";
		};
		69EB78EE20A74138005207D0 /* Entity */ = {
			isa = PBXGroup;
			children = (
				69194F6C20A747370015FE2E /* CurrencyRate.swift */,
			);
			path = Entity;
			sourceTree = "<group>";
		};
		69EB78FF20A74614005207D0 /* Supporting Files */ = {
			isa = PBXGroup;
			children = (
				694AFC1620A73EB50083E6B6 /* Assets.xcassets */,
				694AFC1820A73EB50083E6B6 /* LaunchScreen.storyboard */,
				694AFC1B20A73EB50083E6B6 /* Info.plist */,
			);
			name = "Supporting Files";
			sourceTree = "<group>";
		};
/* End PBXGroup section */

/* Begin PBXNativeTarget section */
		694AFC0B20A73EB30083E6B6 /* CurrencyConverter */ = {
			isa = PBXNativeTarget;
			buildConfigurationList = 694AFC2920A73EB50083E6B6 /* Build configuration list for PBXNativeTarget "CurrencyConverter" */;
			buildPhases = (
				B79E30A3DCF1AF4975ACAE46 /* [CP] Check Pods Manifest.lock */,
				694AFC0820A73EB30083E6B6 /* Sources */,
				694AFC0920A73EB30083E6B6 /* Frameworks */,
				694AFC0A20A73EB30083E6B6 /* Resources */,
				9101A64F218C14D9F3AC1EE7 /* [CP] Embed Pods Frameworks */,
				78B8A63A3E883CAF6E499D9F /* [CP] Copy Pods Resources */,
			);
			buildRules = (
			);
			dependencies = (
			);
			name = CurrencyConverter;
			productName = CurrencyConverter;
			productReference = 694AFC0C20A73EB30083E6B6 /* CurrencyConverter.app */;
			productType = "com.apple.product-type.application";
		};
		694AFC1F20A73EB50083E6B6 /* CurrencyConverterTests */ = {
			isa = PBXNativeTarget;
			buildConfigurationList = 694AFC2C20A73EB50083E6B6 /* Build configuration list for PBXNativeTarget "CurrencyConverterTests" */;
			buildPhases = (
				694AFC1C20A73EB50083E6B6 /* Sources */,
				694AFC1D20A73EB50083E6B6 /* Frameworks */,
				694AFC1E20A73EB50083E6B6 /* Resources */,
			);
			buildRules = (
			);
			dependencies = (
				694AFC2220A73EB50083E6B6 /* PBXTargetDependency */,
			);
			name = CurrencyConverterTests;
			productName = CurrencyConverterTests;
			productReference = 694AFC2020A73EB50083E6B6 /* CurrencyConverterTests.xctest */;
			productType = "com.apple.product-type.bundle.unit-test";
		};
/* End PBXNativeTarget section */

/* Begin PBXProject section */
		694AFC0420A73EB30083E6B6 /* Project object */ = {
			isa = PBXProject;
			attributes = {
				LastSwiftUpdateCheck = 0930;
				LastUpgradeCheck = 0930;
				ORGANIZATIONNAME = AM;
				TargetAttributes = {
					694AFC0B20A73EB30083E6B6 = {
						CreatedOnToolsVersion = 9.3;
					};
					694AFC1F20A73EB50083E6B6 = {
						CreatedOnToolsVersion = 9.3;
						TestTargetID = 694AFC0B20A73EB30083E6B6;
					};
				};
			};
			buildConfigurationList = 694AFC0720A73EB30083E6B6 /* Build configuration list for PBXProject "CurrencyConverter" */;
			compatibilityVersion = "Xcode 9.3";
			developmentRegion = en;
			hasScannedForEncodings = 0;
			knownRegions = (
				en,
				Base,
				"es-419",
			);
			mainGroup = 694AFC0320A73EB30083E6B6;
			productRefGroup = 694AFC0D20A73EB30083E6B6 /* Products */;
			projectDirPath = "";
			projectRoot = "";
			targets = (
				694AFC0B20A73EB30083E6B6 /* CurrencyConverter */,
				694AFC1F20A73EB50083E6B6 /* CurrencyConverterTests */,
			);
		};
/* End PBXProject section */

/* Begin PBXResourcesBuildPhase section */
		694AFC0A20A73EB30083E6B6 /* Resources */ = {
			isa = PBXResourcesBuildPhase;
			buildActionMask = 2147483647;
			files = (
				694BE04720A75F1100C89ED9 /* CurrencyRateTableViewCell.xib in Resources */,
				69EB78FE20A745DE005207D0 /* Info.plist in Resources */,
				694AFC1A20A73EB50083E6B6 /* LaunchScreen.storyboard in Resources */,
				694AFC1720A73EB50083E6B6 /* Assets.xcassets in Resources */,
				69E7B26C20A757C50013729A /* Localizable.strings in Resources */,
				69EB78F420A7433C005207D0 /* HomeViewController.xib in Resources */,
			);
			runOnlyForDeploymentPostprocessing = 0;
		};
		694AFC1E20A73EB50083E6B6 /* Resources */ = {
			isa = PBXResourcesBuildPhase;
			buildActionMask = 2147483647;
			files = (
			);
			runOnlyForDeploymentPostprocessing = 0;
		};
/* End PBXResourcesBuildPhase section */

/* Begin PBXShellScriptBuildPhase section */
		78B8A63A3E883CAF6E499D9F /* [CP] Copy Pods Resources */ = {
			isa = PBXShellScriptBuildPhase;
			buildActionMask = 2147483647;
			files = (
			);
			inputPaths = (
			);
			name = "[CP] Copy Pods Resources";
			outputPaths = (
			);
			runOnlyForDeploymentPostprocessing = 0;
			shellPath = /bin/sh;
			shellScript = "\"${SRCROOT}/Pods/Target Support Files/Pods-CurrencyConverter/Pods-CurrencyConverter-resources.sh\"\n";
			showEnvVarsInLog = 0;
		};
		9101A64F218C14D9F3AC1EE7 /* [CP] Embed Pods Frameworks */ = {
			isa = PBXShellScriptBuildPhase;
			buildActionMask = 2147483647;
			files = (
			);
			inputPaths = (
				"${SRCROOT}/Pods/Target Support Files/Pods-CurrencyConverter/Pods-CurrencyConverter-frameworks.sh",
				"${BUILT_PRODUCTS_DIR}/Alamofire/Alamofire.framework",
				"${BUILT_PRODUCTS_DIR}/ObjectMapper/ObjectMapper.framework",
				"${BUILT_PRODUCTS_DIR}/RxCocoa/RxCocoa.framework",
				"${BUILT_PRODUCTS_DIR}/RxSwift/RxSwift.framework",
			);
			name = "[CP] Embed Pods Frameworks";
			outputPaths = (
				"${TARGET_BUILD_DIR}/${FRAMEWORKS_FOLDER_PATH}/Alamofire.framework",
				"${TARGET_BUILD_DIR}/${FRAMEWORKS_FOLDER_PATH}/ObjectMapper.framework",
				"${TARGET_BUILD_DIR}/${FRAMEWORKS_FOLDER_PATH}/RxCocoa.framework",
				"${TARGET_BUILD_DIR}/${FRAMEWORKS_FOLDER_PATH}/RxSwift.framework",
			);
			runOnlyForDeploymentPostprocessing = 0;
			shellPath = /bin/sh;
			shellScript = "\"${SRCROOT}/Pods/Target Support Files/Pods-CurrencyConverter/Pods-CurrencyConverter-frameworks.sh\"\n";
			showEnvVarsInLog = 0;
		};
		B79E30A3DCF1AF4975ACAE46 /* [CP] Check Pods Manifest.lock */ = {
			isa = PBXShellScriptBuildPhase;
			buildActionMask = 2147483647;
			files = (
			);
			inputPaths = (
				"${PODS_PODFILE_DIR_PATH}/Podfile.lock",
				"${PODS_ROOT}/Manifest.lock",
			);
			name = "[CP] Check Pods Manifest.lock";
			outputPaths = (
				"$(DERIVED_FILE_DIR)/Pods-CurrencyConverter-checkManifestLockResult.txt",
			);
			runOnlyForDeploymentPostprocessing = 0;
			shellPath = /bin/sh;
			shellScript = "diff \"${PODS_PODFILE_DIR_PATH}/Podfile.lock\" \"${PODS_ROOT}/Manifest.lock\" > /dev/null\nif [ $? != 0 ] ; then\n    # print error to STDERR\n    echo \"error: The sandbox is not in sync with the Podfile.lock. Run 'pod install' or update your CocoaPods installation.\" >&2\n    exit 1\nfi\n# This output is used by Xcode 'outputs' to avoid re-running this script phase.\necho \"SUCCESS\" > \"${SCRIPT_OUTPUT_FILE_0}\"\n";
			showEnvVarsInLog = 0;
		};
/* End PBXShellScriptBuildPhase section */

/* Begin PBXSourcesBuildPhase section */
		694AFC0820A73EB30083E6B6 /* Sources */ = {
			isa = PBXSourcesBuildPhase;
			buildActionMask = 2147483647;
			files = (
				694BE04620A75F1100C89ED9 /* CurrencyRateTableViewCell.swift in Sources */,
				69194F6D20A747370015FE2E /* CurrencyRate.swift in Sources */,
				694BE04C20A7677500C89ED9 /* UIKit+Extensions.swift in Sources */,
				69EB78F020A74314005207D0 /* HomeModule.swift in Sources */,
				694AFC1020A73EB40083E6B6 /* AppDelegate.swift in Sources */,
				69EB78F320A7433C005207D0 /* HomeViewController.swift in Sources */,
				69194F7020A7506C0015FE2E /* CurrencyRateAPI.swift in Sources */,
				69EB78FD20A74422005207D0 /* HomeInteractor.swift in Sources */,
				694BE04920A7619800C89ED9 /* HomeDataSource.swift in Sources */,
				69EB78F620A74352005207D0 /* HomePresenter.swift in Sources */,
				69EB78FB20A7440F005207D0 /* HomeRouter.swift in Sources */,
				69E7B26920A757B00013729A /* LocalizedString.swift in Sources */,
			);
			runOnlyForDeploymentPostprocessing = 0;
		};
		694AFC1C20A73EB50083E6B6 /* Sources */ = {
			isa = PBXSourcesBuildPhase;
			buildActionMask = 2147483647;
			files = (
				694AFC2520A73EB50083E6B6 /* CurrencyConverterTests.swift in Sources */,
			);
			runOnlyForDeploymentPostprocessing = 0;
		};
/* End PBXSourcesBuildPhase section */

/* Begin PBXTargetDependency section */
		694AFC2220A73EB50083E6B6 /* PBXTargetDependency */ = {
			isa = PBXTargetDependency;
			target = 694AFC0B20A73EB30083E6B6 /* CurrencyConverter */;
			targetProxy = 694AFC2120A73EB50083E6B6 /* PBXContainerItemProxy */;
		};
/* End PBXTargetDependency section */

/* Begin PBXVariantGroup section */
		694AFC1820A73EB50083E6B6 /* LaunchScreen.storyboard */ = {
			isa = PBXVariantGroup;
			children = (
				694AFC1920A73EB50083E6B6 /* Base */,
				69E7B26F20A757E00013729A /* es-419 */,
			);
			name = LaunchScreen.storyboard;
			sourceTree = "<group>";
		};
		69E7B26E20A757C50013729A /* Localizable.strings */ = {
			isa = PBXVariantGroup;
			children = (
				69E7B27020A757E00013729A /* es-419 */,
				694BE04E20A76A8600C89ED9 /* en */,
			);
			name = Localizable.strings;
			sourceTree = "<group>";
		};
/* End PBXVariantGroup section */

/* Begin XCBuildConfiguration section */
		694AFC2720A73EB50083E6B6 /* Debug */ = {
			isa = XCBuildConfiguration;
			buildSettings = {
				ALWAYS_SEARCH_USER_PATHS = NO;
				CLANG_ANALYZER_LOCALIZABILITY_NONLOCALIZED = YES;
				CLANG_ANALYZER_NONNULL = YES;
				CLANG_ANALYZER_NUMBER_OBJECT_CONVERSION = YES_AGGRESSIVE;
				CLANG_CXX_LANGUAGE_STANDARD = "gnu++14";
				CLANG_CXX_LIBRARY = "libc++";
				CLANG_ENABLE_MODULES = YES;
				CLANG_ENABLE_OBJC_ARC = YES;
				CLANG_ENABLE_OBJC_WEAK = YES;
				CLANG_WARN_BLOCK_CAPTURE_AUTORELEASING = YES;
				CLANG_WARN_BOOL_CONVERSION = YES;
				CLANG_WARN_COMMA = YES;
				CLANG_WARN_CONSTANT_CONVERSION = YES;
				CLANG_WARN_DEPRECATED_OBJC_IMPLEMENTATIONS = YES;
				CLANG_WARN_DIRECT_OBJC_ISA_USAGE = YES_ERROR;
				CLANG_WARN_DOCUMENTATION_COMMENTS = YES;
				CLANG_WARN_EMPTY_BODY = YES;
				CLANG_WARN_ENUM_CONVERSION = YES;
				CLANG_WARN_INFINITE_RECURSION = YES;
				CLANG_WARN_INT_CONVERSION = YES;
				CLANG_WARN_NON_LITERAL_NULL_CONVERSION = YES;
				CLANG_WARN_OBJC_IMPLICIT_RETAIN_SELF = YES;
				CLANG_WARN_OBJC_LITERAL_CONVERSION = YES;
				CLANG_WARN_OBJC_ROOT_CLASS = YES_ERROR;
				CLANG_WARN_RANGE_LOOP_ANALYSIS = YES;
				CLANG_WARN_STRICT_PROTOTYPES = YES;
				CLANG_WARN_SUSPICIOUS_MOVE = YES;
				CLANG_WARN_UNGUARDED_AVAILABILITY = YES_AGGRESSIVE;
				CLANG_WARN_UNREACHABLE_CODE = YES;
				CLANG_WARN__DUPLICATE_METHOD_MATCH = YES;
				CODE_SIGN_IDENTITY = "iPhone Developer";
				COPY_PHASE_STRIP = NO;
				DEBUG_INFORMATION_FORMAT = dwarf;
				ENABLE_STRICT_OBJC_MSGSEND = YES;
				ENABLE_TESTABILITY = YES;
				GCC_C_LANGUAGE_STANDARD = gnu11;
				GCC_DYNAMIC_NO_PIC = NO;
				GCC_NO_COMMON_BLOCKS = YES;
				GCC_OPTIMIZATION_LEVEL = 0;
				GCC_PREPROCESSOR_DEFINITIONS = (
					"DEBUG=1",
					"$(inherited)",
				);
				GCC_WARN_64_TO_32_BIT_CONVERSION = YES;
				GCC_WARN_ABOUT_RETURN_TYPE = YES_ERROR;
				GCC_WARN_UNDECLARED_SELECTOR = YES;
				GCC_WARN_UNINITIALIZED_AUTOS = YES_AGGRESSIVE;
				GCC_WARN_UNUSED_FUNCTION = YES;
				GCC_WARN_UNUSED_VARIABLE = YES;
				IPHONEOS_DEPLOYMENT_TARGET = 10.0;
				MTL_ENABLE_DEBUG_INFO = YES;
				ONLY_ACTIVE_ARCH = YES;
				SDKROOT = iphoneos;
				SWIFT_ACTIVE_COMPILATION_CONDITIONS = DEBUG;
				SWIFT_OPTIMIZATION_LEVEL = "-Onone";
			};
			name = Debug;
		};
		694AFC2820A73EB50083E6B6 /* Release */ = {
			isa = XCBuildConfiguration;
			buildSettings = {
				ALWAYS_SEARCH_USER_PATHS = NO;
				CLANG_ANALYZER_LOCALIZABILITY_NONLOCALIZED = YES;
				CLANG_ANALYZER_NONNULL = YES;
				CLANG_ANALYZER_NUMBER_OBJECT_CONVERSION = YES_AGGRESSIVE;
				CLANG_CXX_LANGUAGE_STANDARD = "gnu++14";
				CLANG_CXX_LIBRARY = "libc++";
				CLANG_ENABLE_MODULES = YES;
				CLANG_ENABLE_OBJC_ARC = YES;
				CLANG_ENABLE_OBJC_WEAK = YES;
				CLANG_WARN_BLOCK_CAPTURE_AUTORELEASING = YES;
				CLANG_WARN_BOOL_CONVERSION = YES;
				CLANG_WARN_COMMA = YES;
				CLANG_WARN_CONSTANT_CONVERSION = YES;
				CLANG_WARN_DEPRECATED_OBJC_IMPLEMENTATIONS = YES;
				CLANG_WARN_DIRECT_OBJC_ISA_USAGE = YES_ERROR;
				CLANG_WARN_DOCUMENTATION_COMMENTS = YES;
				CLANG_WARN_EMPTY_BODY = YES;
				CLANG_WARN_ENUM_CONVERSION = YES;
				CLANG_WARN_INFINITE_RECURSION = YES;
				CLANG_WARN_INT_CONVERSION = YES;
				CLANG_WARN_NON_LITERAL_NULL_CONVERSION = YES;
				CLANG_WARN_OBJC_IMPLICIT_RETAIN_SELF = YES;
				CLANG_WARN_OBJC_LITERAL_CONVERSION = YES;
				CLANG_WARN_OBJC_ROOT_CLASS = YES_ERROR;
				CLANG_WARN_RANGE_LOOP_ANALYSIS = YES;
				CLANG_WARN_STRICT_PROTOTYPES = YES;
				CLANG_WARN_SUSPICIOUS_MOVE = YES;
				CLANG_WARN_UNGUARDED_AVAILABILITY = YES_AGGRESSIVE;
				CLANG_WARN_UNREACHABLE_CODE = YES;
				CLANG_WARN__DUPLICATE_METHOD_MATCH = YES;
				CODE_SIGN_IDENTITY = "iPhone Developer";
				COPY_PHASE_STRIP = NO;
				DEBUG_INFORMATION_FORMAT = "dwarf-with-dsym";
				ENABLE_NS_ASSERTIONS = NO;
				ENABLE_STRICT_OBJC_MSGSEND = YES;
				GCC_C_LANGUAGE_STANDARD = gnu11;
				GCC_NO_COMMON_BLOCKS = YES;
				GCC_WARN_64_TO_32_BIT_CONVERSION = YES;
				GCC_WARN_ABOUT_RETURN_TYPE = YES_ERROR;
				GCC_WARN_UNDECLARED_SELECTOR = YES;
				GCC_WARN_UNINITIALIZED_AUTOS = YES_AGGRESSIVE;
				GCC_WARN_UNUSED_FUNCTION = YES;
				GCC_WARN_UNUSED_VARIABLE = YES;
				IPHONEOS_DEPLOYMENT_TARGET = 10.0;
				MTL_ENABLE_DEBUG_INFO = NO;
				SDKROOT = iphoneos;
				SWIFT_COMPILATION_MODE = wholemodule;
				SWIFT_OPTIMIZATION_LEVEL = "-O";
				VALIDATE_PRODUCT = YES;
			};
			name = Release;
		};
		694AFC2A20A73EB50083E6B6 /* Debug */ = {
			isa = XCBuildConfiguration;
			baseConfigurationReference = DF1B9B6662885C9F4D69C1A6 /* Pods-CurrencyConverter.debug.xcconfig */;
			buildSettings = {
				ASSETCATALOG_COMPILER_APPICON_NAME = AppIcon;
				CODE_SIGN_STYLE = Automatic;
				DEVELOPMENT_TEAM = QZ3WUP28G9;
				INFOPLIST_FILE = CurrencyConverter/Info.plist;
				IPHONEOS_DEPLOYMENT_TARGET = 10.0;
				LD_RUNPATH_SEARCH_PATHS = (
					"$(inherited)",
					"@executable_path/Frameworks",
				);
				PRODUCT_BUNDLE_IDENTIFIER = AM.CurrencyConverter;
				PRODUCT_NAME = "$(TARGET_NAME)";
				SWIFT_VERSION = 4.0;
				TARGETED_DEVICE_FAMILY = "1,2";
			};
			name = Debug;
		};
		694AFC2B20A73EB50083E6B6 /* Release */ = {
			isa = XCBuildConfiguration;
			baseConfigurationReference = 4D426660A19DD34ED73AB270 /* Pods-CurrencyConverter.release.xcconfig */;
			buildSettings = {
				ASSETCATALOG_COMPILER_APPICON_NAME = AppIcon;
				CODE_SIGN_STYLE = Automatic;
				DEVELOPMENT_TEAM = QZ3WUP28G9;
				INFOPLIST_FILE = CurrencyConverter/Info.plist;
				IPHONEOS_DEPLOYMENT_TARGET = 10.0;
				LD_RUNPATH_SEARCH_PATHS = (
					"$(inherited)",
					"@executable_path/Frameworks",
				);
				PRODUCT_BUNDLE_IDENTIFIER = AM.CurrencyConverter;
				PRODUCT_NAME = "$(TARGET_NAME)";
				SWIFT_VERSION = 4.0;
				TARGETED_DEVICE_FAMILY = "1,2";
			};
			name = Release;
		};
		694AFC2D20A73EB50083E6B6 /* Debug */ = {
			isa = XCBuildConfiguration;
			buildSettings = {
				ALWAYS_EMBED_SWIFT_STANDARD_LIBRARIES = YES;
				BUNDLE_LOADER = "$(TEST_HOST)";
				CODE_SIGN_STYLE = Automatic;
				DEVELOPMENT_TEAM = QZ3WUP28G9;
				INFOPLIST_FILE = CurrencyConverterTests/Info.plist;
				LD_RUNPATH_SEARCH_PATHS = (
					"$(inherited)",
					"@executable_path/Frameworks",
					"@loader_path/Frameworks",
				);
				PRODUCT_BUNDLE_IDENTIFIER = AM.CurrencyConverterTests;
				PRODUCT_NAME = "$(TARGET_NAME)";
				SWIFT_VERSION = 4.0;
				TARGETED_DEVICE_FAMILY = "1,2";
				TEST_HOST = "$(BUILT_PRODUCTS_DIR)/CurrencyConverter.app/CurrencyConverter";
			};
			name = Debug;
		};
		694AFC2E20A73EB50083E6B6 /* Release */ = {
			isa = XCBuildConfiguration;
			buildSettings = {
				ALWAYS_EMBED_SWIFT_STANDARD_LIBRARIES = YES;
				BUNDLE_LOADER = "$(TEST_HOST)";
				CODE_SIGN_STYLE = Automatic;
				DEVELOPMENT_TEAM = QZ3WUP28G9;
				INFOPLIST_FILE = CurrencyConverterTests/Info.plist;
				LD_RUNPATH_SEARCH_PATHS = (
					"$(inherited)",
					"@executable_path/Frameworks",
					"@loader_path/Frameworks",
				);
				PRODUCT_BUNDLE_IDENTIFIER = AM.CurrencyConverterTests;
				PRODUCT_NAME = "$(TARGET_NAME)";
				SWIFT_VERSION = 4.0;
				TARGETED_DEVICE_FAMILY = "1,2";
				TEST_HOST = "$(BUILT_PRODUCTS_DIR)/CurrencyConverter.app/CurrencyConverter";
			};
			name = Release;
		};
/* End XCBuildConfiguration section */

/* Begin XCConfigurationList section */
		694AFC0720A73EB30083E6B6 /* Build configuration list for PBXProject "CurrencyConverter" */ = {
			isa = XCConfigurationList;
			buildConfigurations = (
				694AFC2720A73EB50083E6B6 /* Debug */,
				694AFC2820A73EB50083E6B6 /* Release */,
			);
			defaultConfigurationIsVisible = 0;
			defaultConfigurationName = Release;
		};
		694AFC2920A73EB50083E6B6 /* Build configuration list for PBXNativeTarget "CurrencyConverter" */ = {
			isa = XCConfigurationList;
			buildConfigurations = (
				694AFC2A20A73EB50083E6B6 /* Debug */,
				694AFC2B20A73EB50083E6B6 /* Release */,
			);
			defaultConfigurationIsVisible = 0;
			defaultConfigurationName = Release;
		};
		694AFC2C20A73EB50083E6B6 /* Build configuration list for PBXNativeTarget "CurrencyConverterTests" */ = {
			isa = XCConfigurationList;
			buildConfigurations = (
				694AFC2D20A73EB50083E6B6 /* Debug */,
				694AFC2E20A73EB50083E6B6 /* Release */,
			);
			defaultConfigurationIsVisible = 0;
			defaultConfigurationName = Release;
		};
/* End XCConfigurationList section */
	};
	rootObject = 694AFC0420A73EB30083E6B6 /* Project object */;
}
